// !$*UTF8*$!
{
	archiveVersion = 1;
	classes = {
	};
	objectVersion = 50;
	objects = {

/* Begin PBXBuildFile section */
		913599EC210075CA00DBB5BF /* AppDelegate.swift in Sources */ = {isa = PBXBuildFile; fileRef = 913599EB210075CA00DBB5BF /* AppDelegate.swift */; };
		913599F1210075CA00DBB5BF /* Main.storyboard in Resources */ = {isa = PBXBuildFile; fileRef = 913599EF210075CA00DBB5BF /* Main.storyboard */; };
		913599F3210075D000DBB5BF /* Assets.xcassets in Resources */ = {isa = PBXBuildFile; fileRef = 913599F2210075D000DBB5BF /* Assets.xcassets */; };
		913599F6210075D000DBB5BF /* LaunchScreen.storyboard in Resources */ = {isa = PBXBuildFile; fileRef = 913599F4210075D000DBB5BF /* LaunchScreen.storyboard */; };
		913599FE2100765C00DBB5BF /* PublicArt.json in Resources */ = {isa = PBXBuildFile; fileRef = 913599FD2100765C00DBB5BF /* PublicArt.json */; };
		91359A002100766E00DBB5BF /* Constants.swift in Sources */ = {isa = PBXBuildFile; fileRef = 913599FF2100766E00DBB5BF /* Constants.swift */; };
		91359A062100796E00DBB5BF /* MapViewController.swift in Sources */ = {isa = PBXBuildFile; fileRef = 91359A052100796E00DBB5BF /* MapViewController.swift */; };
		91359A09210079C600DBB5BF /* JSONParser.swift in Sources */ = {isa = PBXBuildFile; fileRef = 91359A07210079C600DBB5BF /* JSONParser.swift */; };
		91359A0A210079C600DBB5BF /* SightAnnotation.swift in Sources */ = {isa = PBXBuildFile; fileRef = 91359A08210079C600DBB5BF /* SightAnnotation.swift */; };
/* End PBXBuildFile section */

/* Begin PBXFileReference section */
		913599E8210075CA00DBB5BF /* MapTask.app */ = {isa = PBXFileReference; explicitFileType = wrapper.application; includeInIndex = 0; path = MapTask.app; sourceTree = BUILT_PRODUCTS_DIR; };
		913599EB210075CA00DBB5BF /* AppDelegate.swift */ = {isa = PBXFileReference; lastKnownFileType = sourcecode.swift; path = AppDelegate.swift; sourceTree = "<group>"; };
		913599F0210075CA00DBB5BF /* Base */ = {isa = PBXFileReference; lastKnownFileType = file.storyboard; name = Base; path = Base.lproj/Main.storyboard; sourceTree = "<group>"; };
		913599F2210075D000DBB5BF /* Assets.xcassets */ = {isa = PBXFileReference; lastKnownFileType = folder.assetcatalog; path = Assets.xcassets; sourceTree = "<group>"; };
		913599F5210075D000DBB5BF /* Base */ = {isa = PBXFileReference; lastKnownFileType = file.storyboard; name = Base; path = Base.lproj/LaunchScreen.storyboard; sourceTree = "<group>"; };
		913599F7210075D000DBB5BF /* Info.plist */ = {isa = PBXFileReference; lastKnownFileType = text.plist.xml; path = Info.plist; sourceTree = "<group>"; };
		913599FD2100765C00DBB5BF /* PublicArt.json */ = {isa = PBXFileReference; fileEncoding = 4; lastKnownFileType = text.json; path = PublicArt.json; sourceTree = "<group>"; };
		913599FF2100766E00DBB5BF /* Constants.swift */ = {isa = PBXFileReference; fileEncoding = 4; lastKnownFileType = sourcecode.swift; path = Constants.swift; sourceTree = "<group>"; };
		91359A052100796E00DBB5BF /* MapViewController.swift */ = {isa = PBXFileReference; lastKnownFileType = sourcecode.swift; path = MapViewController.swift; sourceTree = "<group>"; };
		91359A07210079C600DBB5BF /* JSONParser.swift */ = {isa = PBXFileReference; lastKnownFileType = sourcecode.swift; path = JSONParser.swift; sourceTree = "<group>"; };
		91359A08210079C600DBB5BF /* SightAnnotation.swift */ = {isa = PBXFileReference; lastKnownFileType = sourcecode.swift; path = SightAnnotation.swift; sourceTree = "<group>"; };
/* End PBXFileReference section */

/* Begin PBXFrameworksBuildPhase section */
		913599E5210075CA00DBB5BF /* Frameworks */ = {
			isa = PBXFrameworksBuildPhase;
			buildActionMask = 2147483647;
			files = (
			);
			runOnlyForDeploymentPostprocessing = 0;
		};
/* End PBXFrameworksBuildPhase section */

/* Begin PBXGroup section */
		913599DF210075CA00DBB5BF = {
			isa = PBXGroup;
			children = (
				913599EA210075CA00DBB5BF /* MapTask */,
				913599E9210075CA00DBB5BF /* Products */,
				913599FD2100765C00DBB5BF /* PublicArt.json */,
			);
			sourceTree = "<group>";
		};
		913599E9210075CA00DBB5BF /* Products */ = {
			isa = PBXGroup;
			children = (
				913599E8210075CA00DBB5BF /* MapTask.app */,
			);
			name = Products;
			sourceTree = "<group>";
		};
		913599EA210075CA00DBB5BF /* MapTask */ = {
			isa = PBXGroup;
			children = (
				913599EB210075CA00DBB5BF /* AppDelegate.swift */,
				913599FF2100766E00DBB5BF /* Constants.swift */,
				91359A0B210081CE00DBB5BF /* Controllers */,
				91359A0C210081DE00DBB5BF /* Model */,
				913599EF210075CA00DBB5BF /* Main.storyboard */,
				913599F2210075D000DBB5BF /* Assets.xcassets */,
				913599F4210075D000DBB5BF /* LaunchScreen.storyboard */,
				913599F7210075D000DBB5BF /* Info.plist */,
			);
			path = MapTask;
			sourceTree = "<group>";
		};
		91359A0B210081CE00DBB5BF /* Controllers */ = {
			isa = PBXGroup;
			children = (
				91359A052100796E00DBB5BF /* MapViewController.swift */,
			);
			path = Controllers;
			sourceTree = "<group>";
		};
		91359A0C210081DE00DBB5BF /* Model */ = {
			isa = PBXGroup;
			children = (
				91359A07210079C600DBB5BF /* JSONParser.swift */,
				91359A08210079C600DBB5BF /* SightAnnotation.swift */,
			);
			path = Model;
			sourceTree = "<group>";
		};
/* End PBXGroup section */

/* Begin PBXNativeTarget section */
		913599E7210075CA00DBB5BF /* MapTask */ = {
			isa = PBXNativeTarget;
			buildConfigurationList = 913599FA210075D000DBB5BF /* Build configuration list for PBXNativeTarget "MapTask" */;
			buildPhases = (
				913599E4210075CA00DBB5BF /* Sources */,
				913599E5210075CA00DBB5BF /* Frameworks */,
				913599E6210075CA00DBB5BF /* Resources */,
			);
			buildRules = (
			);
			dependencies = (
			);
			name = MapTask;
			productName = MapTask;
			productReference = 913599E8210075CA00DBB5BF /* MapTask.app */;
			productType = "com.apple.product-type.application";
		};
/* End PBXNativeTarget section */

/* Begin PBXProject section */
		913599E0210075CA00DBB5BF /* Project object */ = {
			isa = PBXProject;
			attributes = {
				LastSwiftUpdateCheck = 0940;
				LastUpgradeCheck = 0940;
				ORGANIZATIONNAME = "Nikolay Sereda";
				TargetAttributes = {
					913599E7210075CA00DBB5BF = {
						CreatedOnToolsVersion = 9.4;
					};
				};
			};
			buildConfigurationList = 913599E3210075CA00DBB5BF /* Build configuration list for PBXProject "MapTask" */;
			compatibilityVersion = "Xcode 9.3";
			developmentRegion = en;
			hasScannedForEncodings = 0;
			knownRegions = (
				en,
				Base,
			);
			mainGroup = 913599DF210075CA00DBB5BF;
			productRefGroup = 913599E9210075CA00DBB5BF /* Products */;
			projectDirPath = "";
			projectRoot = "";
			targets = (
				913599E7210075CA00DBB5BF /* MapTask */,
			);
		};
/* End PBXProject section */

/* Begin PBXResourcesBuildPhase section */
		913599E6210075CA00DBB5BF /* Resources */ = {
			isa = PBXResourcesBuildPhase;
			buildActionMask = 2147483647;
			files = (
				913599FE2100765C00DBB5BF /* PublicArt.json in Resources */,
				913599F6210075D000DBB5BF /* LaunchScreen.storyboard in Resources */,
				913599F3210075D000DBB5BF /* Assets.xcassets in Resources */,
				913599F1210075CA00DBB5BF /* Main.storyboard in Resources */,
			);
			runOnlyForDeploymentPostprocessing = 0;
		};
/* End PBXResourcesBuildPhase section */

/* Begin PBXSourcesBuildPhase section */
		913599E4210075CA00DBB5BF /* Sources */ = {
			isa = PBXSourcesBuildPhase;
			buildActionMask = 2147483647;
			files = (
				913599EC210075CA00DBB5BF /* AppDelegate.swift in Sources */,
				91359A062100796E00DBB5BF /* MapViewController.swift in Sources */,
				91359A09210079C600DBB5BF /* JSONParser.swift in Sources */,
				91359A002100766E00DBB5BF /* Constants.swift in Sources */,
				91359A0A210079C600DBB5BF /* SightAnnotation.swift in Sources */,
			);
			runOnlyForDeploymentPostprocessing = 0;
		};
/* End PBXSourcesBuildPhase section */

/* Begin PBXVariantGroup section */
		913599EF210075CA00DBB5BF /* Main.storyboard */ = {
			isa = PBXVariantGroup;
			children = (
				913599F0210075CA00DBB5BF /* Base */,
			);
			name = Main.storyboard;
			sourceTree = "<group>";
		};
		913599F4210075D000DBB5BF /* LaunchScreen.storyboard */ = {
			isa = PBXVariantGroup;
			children = (
				913599F5210075D000DBB5BF /* Base */,
			);
			name = LaunchScreen.storyboard;
			sourceTree = "<group>";
		};
/* End PBXVariantGroup section */

/* Begin XCBuildConfiguration section */
		913599F8210075D000DBB5BF /* Debug */ = {
			isa = XCBuildConfiguration;
			buildSettings = {
				ALWAYS_SEARCH_USER_PATHS = NO;
				CLANG_ANALYZER_NONNULL = YES;
				CLANG_ANALYZER_NUMBER_OBJECT_CONVERSION = YES_AGGRESSIVE;
				CLANG_CXX_LANGUAGE_STANDARD = "gnu++14";
				CLANG_CXX_LIBRARY = "libc++";
				CLANG_ENABLE_MODULES = YES;
				CLANG_ENABLE_OBJC_ARC = YES;
				CLANG_ENABLE_OBJC_WEAK = YES;
				CLANG_WARN_BLOCK_CAPTURE_AUTORELEASING = YES;
				CLANG_WARN_BOOL_CONVERSION = YES;
				CLANG_WARN_COMMA = YES;
				CLANG_WARN_CONSTANT_CONVERSION = YES;
				CLANG_WARN_DEPRECATED_OBJC_IMPLEMENTATIONS = YES;
				CLANG_WARN_DIRECT_OBJC_ISA_USAGE = YES_ERROR;
				CLANG_WARN_DOCUMENTATION_COMMENTS = YES;
				CLANG_WARN_EMPTY_BODY = YES;
				CLANG_WARN_ENUM_CONVERSION = YES;
				CLANG_WARN_INFINITE_RECURSION = YES;
				CLANG_WARN_INT_CONVERSION = YES;
				CLANG_WARN_NON_LITERAL_NULL_CONVERSION = YES;
				CLANG_WARN_OBJC_IMPLICIT_RETAIN_SELF = YES;
				CLANG_WARN_OBJC_LITERAL_CONVERSION = YES;
				CLANG_WARN_OBJC_ROOT_CLASS = YES_ERROR;
				CLANG_WARN_RANGE_LOOP_ANALYSIS = YES;
				CLANG_WARN_STRICT_PROTOTYPES = YES;
				CLANG_WARN_SUSPICIOUS_MOVE = YES;
				CLANG_WARN_UNGUARDED_AVAILABILITY = YES_AGGRESSIVE;
				CLANG_WARN_UNREACHABLE_CODE = YES;
				CLANG_WARN__DUPLICATE_METHOD_MATCH = YES;
				CODE_SIGN_IDENTITY = "iPhone Developer";
				COPY_PHASE_STRIP = NO;
				DEBUG_INFORMATION_FORMAT = dwarf;
				ENABLE_STRICT_OBJC_MSGSEND = YES;
				ENABLE_TESTABILITY = YES;
				GCC_C_LANGUAGE_STANDARD = gnu11;
				GCC_DYNAMIC_NO_PIC = NO;
				GCC_NO_COMMON_BLOCKS = YES;
				GCC_OPTIMIZATION_LEVEL = 0;
				GCC_PREPROCESSOR_DEFINITIONS = (
					"DEBUG=1",
					"$(inherited)",
				);
				GCC_WARN_64_TO_32_BIT_CONVERSION = YES;
				GCC_WARN_ABOUT_RETURN_TYPE = YES_ERROR;
				GCC_WARN_UNDECLARED_SELECTOR = YES;
				GCC_WARN_UNINITIALIZED_AUTOS = YES_AGGRESSIVE;
				GCC_WARN_UNUSED_FUNCTION = YES;
				GCC_WARN_UNUSED_VARIABLE = YES;
				IPHONEOS_DEPLOYMENT_TARGET = 11.4;
				MTL_ENABLE_DEBUG_INFO = YES;
				ONLY_ACTIVE_ARCH = YES;
				SDKROOT = iphoneos;
				SWIFT_ACTIVE_COMPILATION_CONDITIONS = DEBUG;
				SWIFT_OPTIMIZATION_LEVEL = "-Onone";
			};
			name = Debug;
		};
		913599F9210075D000DBB5BF /* Release */ = {
			isa = XCBuildConfiguration;
			buildSettings = {
				ALWAYS_SEARCH_USER_PATHS = NO;
				CLANG_ANALYZER_NONNULL = YES;
				CLANG_ANALYZER_NUMBER_OBJECT_CONVERSION = YES_AGGRESSIVE;
				CLANG_CXX_LANGUAGE_STANDARD = "gnu++14";
				CLANG_CXX_LIBRARY = "libc++";
				CLANG_ENABLE_MODULES = YES;
				CLANG_ENABLE_OBJC_ARC = YES;
				CLANG_ENABLE_OBJC_WEAK = YES;
				CLANG_WARN_BLOCK_CAPTURE_AUTORELEASING = YES;
				CLANG_WARN_BOOL_CONVERSION = YES;
				CLANG_WARN_COMMA = YES;
				CLANG_WARN_CONSTANT_CONVERSION = YES;
				CLANG_WARN_DEPRECATED_OBJC_IMPLEMENTATIONS = YES;
				CLANG_WARN_DIRECT_OBJC_ISA_USAGE = YES_ERROR;
				CLANG_WARN_DOCUMENTATION_COMMENTS = YES;
				CLANG_WARN_EMPTY_BODY = YES;
				CLANG_WARN_ENUM_CONVERSION = YES;
				CLANG_WARN_INFINITE_RECURSION = YES;
				CLANG_WARN_INT_CONVERSION = YES;
				CLANG_WARN_NON_LITERAL_NULL_CONVERSION = YES;
				CLANG_WARN_OBJC_IMPLICIT_RETAIN_SELF = YES;
				CLANG_WARN_OBJC_LITERAL_CONVERSION = YES;
				CLANG_WARN_OBJC_ROOT_CLASS = YES_ERROR;
				CLANG_WARN_RANGE_LOOP_ANALYSIS = YES;
				CLANG_WARN_STRICT_PROTOTYPES = YES;
				CLANG_WARN_SUSPICIOUS_MOVE = YES;
				CLANG_WARN_UNGUARDED_AVAILABILITY = YES_AGGRESSIVE;
				CLANG_WARN_UNREACHABLE_CODE = YES;
				CLANG_WARN__DUPLICATE_METHOD_MATCH = YES;
				CODE_SIGN_IDENTITY = "iPhone Developer";
				COPY_PHASE_STRIP = NO;
				DEBUG_INFORMATION_FORMAT = "dwarf-with-dsym";
				ENABLE_NS_ASSERTIONS = NO;
				ENABLE_STRICT_OBJC_MSGSEND = YES;
				GCC_C_LANGUAGE_STANDARD = gnu11;
				GCC_NO_COMMON_BLOCKS = YES;
				GCC_WARN_64_TO_32_BIT_CONVERSION = YES;
				GCC_WARN_ABOUT_RETURN_TYPE = YES_ERROR;
				GCC_WARN_UNDECLARED_SELECTOR = YES;
				GCC_WARN_UNINITIALIZED_AUTOS = YES_AGGRESSIVE;
				GCC_WARN_UNUSED_FUNCTION = YES;
				GCC_WARN_UNUSED_VARIABLE = YES;
				IPHONEOS_DEPLOYMENT_TARGET = 11.4;
				MTL_ENABLE_DEBUG_INFO = NO;
				SDKROOT = iphoneos;
				SWIFT_COMPILATION_MODE = wholemodule;
				SWIFT_OPTIMIZATION_LEVEL = "-O";
				VALIDATE_PRODUCT = YES;
			};
			name = Release;
		};
		913599FB210075D000DBB5BF /* Debug */ = {
			isa = XCBuildConfiguration;
			buildSettings = {
				ASSETCATALOG_COMPILER_APPICON_NAME = AppIcon;
				CODE_SIGN_STYLE = Automatic;
				INFOPLIST_FILE = MapTask/Info.plist;
				LD_RUNPATH_SEARCH_PATHS = (
					"$(inherited)",
					"@executable_path/Frameworks",
				);
				PRODUCT_BUNDLE_IDENTIFIER = by.intervale.MapTask;
				PRODUCT_NAME = "$(TARGET_NAME)";
				SWIFT_VERSION = 4.0;
				TARGETED_DEVICE_FAMILY = "1,2";
			};
			name = Debug;
		};
		913599FC210075D000DBB5BF /* Release */ = {
			isa = XCBuildConfiguration;
			buildSettings = {
				ASSETCATALOG_COMPILER_APPICON_NAME = AppIcon;
				CODE_SIGN_STYLE = Automatic;
				INFOPLIST_FILE = MapTask/Info.plist;
				LD_RUNPATH_SEARCH_PATHS = (
					"$(inherited)",
					"@executable_path/Frameworks",
				);
				PRODUCT_BUNDLE_IDENTIFIER = by.intervale.MapTask;
				PRODUCT_NAME = "$(TARGET_NAME)";
				SWIFT_VERSION = 4.0;
				TARGETED_DEVICE_FAMILY = "1,2";
			};
			name = Release;
		};
/* End XCBuildConfiguration section */

/* Begin XCConfigurationList section */
		913599E3210075CA00DBB5BF /* Build configuration list for PBXProject "MapTask" */ = {
			isa = XCConfigurationList;
			buildConfigurations = (
				913599F8210075D000DBB5BF /* Debug */,
				913599F9210075D000DBB5BF /* Release */,
			);
			defaultConfigurationIsVisible = 0;
			defaultConfigurationName = Release;
		};
		913599FA210075D000DBB5BF /* Build configuration list for PBXNativeTarget "MapTask" */ = {
			isa = XCConfigurationList;
			buildConfigurations = (
				913599FB210075D000DBB5BF /* Debug */,
				913599FC210075D000DBB5BF /* Release */,
			);
			defaultConfigurationIsVisible = 0;
			defaultConfigurationName = Release;
		};
/* End XCConfigurationList section */
	};
	rootObject = 913599E0210075CA00DBB5BF /* Project object */;
}
